// !$*UTF8*$!
{
	archiveVersion = 1;
	classes = {
	};
	objectVersion = 56;
	objects = {

/* Begin PBXBuildFile section */
		2A697B812AAF5AC100519306 /* AppDelegate.swift in Sources */ = {isa = PBXBuildFile; fileRef = 2A697B802AAF5AC100519306 /* AppDelegate.swift */; };
		2A697B832AAF5AC100519306 /* SceneDelegate.swift in Sources */ = {isa = PBXBuildFile; fileRef = 2A697B822AAF5AC100519306 /* SceneDelegate.swift */; };
		2A697B852AAF5AC100519306 /* ViewController.swift in Sources */ = {isa = PBXBuildFile; fileRef = 2A697B842AAF5AC100519306 /* ViewController.swift */; };
		2A697B882AAF5AC100519306 /* Main.storyboard in Resources */ = {isa = PBXBuildFile; fileRef = 2A697B862AAF5AC100519306 /* Main.storyboard */; };
		2A697B8A2AAF5AC300519306 /* Assets.xcassets in Resources */ = {isa = PBXBuildFile; fileRef = 2A697B892AAF5AC300519306 /* Assets.xcassets */; };
		2A697B8D2AAF5AC300519306 /* LaunchScreen.storyboard in Resources */ = {isa = PBXBuildFile; fileRef = 2A697B8B2AAF5AC300519306 /* LaunchScreen.storyboard */; };
		2A697BB22AAF677100519306 /* HomeViewController.swift in Sources */ = {isa = PBXBuildFile; fileRef = 2A697BB12AAF677100519306 /* HomeViewController.swift */; };
		2AF0E37D2AAF680000FAFB70 /* MoviesViewController.swift in Sources */ = {isa = PBXBuildFile; fileRef = 2AF0E37C2AAF680000FAFB70 /* MoviesViewController.swift */; };
		2AF0E37F2AAF681A00FAFB70 /* TvViewController.swift in Sources */ = {isa = PBXBuildFile; fileRef = 2AF0E37E2AAF681A00FAFB70 /* TvViewController.swift */; };
		2AF0E3812AAF683000FAFB70 /* SiriesViewController.swift in Sources */ = {isa = PBXBuildFile; fileRef = 2AF0E3802AAF683000FAFB70 /* SiriesViewController.swift */; };
		2AF0E3832AAF684800FAFB70 /* BookmarksViewController.swift in Sources */ = {isa = PBXBuildFile; fileRef = 2AF0E3822AAF684800FAFB70 /* BookmarksViewController.swift */; };
		2AF0E3852AAF68D500FAFB70 /* MainTabBarController.swift in Sources */ = {isa = PBXBuildFile; fileRef = 2AF0E3842AAF68D500FAFB70 /* MainTabBarController.swift */; };
/* End PBXBuildFile section */

/* Begin PBXFileReference section */
		2A697B7D2AAF5AC100519306 /* FinalProjectMovies.app */ = {isa = PBXFileReference; explicitFileType = wrapper.application; includeInIndex = 0; path = FinalProjectMovies.app; sourceTree = BUILT_PRODUCTS_DIR; };
		2A697B802AAF5AC100519306 /* AppDelegate.swift */ = {isa = PBXFileReference; lastKnownFileType = sourcecode.swift; path = AppDelegate.swift; sourceTree = "<group>"; };
		2A697B822AAF5AC100519306 /* SceneDelegate.swift */ = {isa = PBXFileReference; lastKnownFileType = sourcecode.swift; path = SceneDelegate.swift; sourceTree = "<group>"; };
		2A697B842AAF5AC100519306 /* ViewController.swift */ = {isa = PBXFileReference; lastKnownFileType = sourcecode.swift; path = ViewController.swift; sourceTree = "<group>"; };
		2A697B872AAF5AC100519306 /* Base */ = {isa = PBXFileReference; lastKnownFileType = file.storyboard; name = Base; path = Base.lproj/Main.storyboard; sourceTree = "<group>"; };
		2A697B892AAF5AC300519306 /* Assets.xcassets */ = {isa = PBXFileReference; lastKnownFileType = folder.assetcatalog; path = Assets.xcassets; sourceTree = "<group>"; };
		2A697B8C2AAF5AC300519306 /* Base */ = {isa = PBXFileReference; lastKnownFileType = file.storyboard; name = Base; path = Base.lproj/LaunchScreen.storyboard; sourceTree = "<group>"; };
		2A697B8E2AAF5AC300519306 /* Info.plist */ = {isa = PBXFileReference; lastKnownFileType = text.plist.xml; path = Info.plist; sourceTree = "<group>"; };
		2A697BB12AAF677100519306 /* HomeViewController.swift */ = {isa = PBXFileReference; lastKnownFileType = sourcecode.swift; path = HomeViewController.swift; sourceTree = "<group>"; };
		2AF0E37C2AAF680000FAFB70 /* MoviesViewController.swift */ = {isa = PBXFileReference; lastKnownFileType = sourcecode.swift; path = MoviesViewController.swift; sourceTree = "<group>"; };
		2AF0E37E2AAF681A00FAFB70 /* TvViewController.swift */ = {isa = PBXFileReference; lastKnownFileType = sourcecode.swift; path = TvViewController.swift; sourceTree = "<group>"; };
		2AF0E3802AAF683000FAFB70 /* SiriesViewController.swift */ = {isa = PBXFileReference; lastKnownFileType = sourcecode.swift; path = SiriesViewController.swift; sourceTree = "<group>"; };
		2AF0E3822AAF684800FAFB70 /* BookmarksViewController.swift */ = {isa = PBXFileReference; lastKnownFileType = sourcecode.swift; path = BookmarksViewController.swift; sourceTree = "<group>"; };
		2AF0E3842AAF68D500FAFB70 /* MainTabBarController.swift */ = {isa = PBXFileReference; lastKnownFileType = sourcecode.swift; path = MainTabBarController.swift; sourceTree = "<group>"; };
/* End PBXFileReference section */

/* Begin PBXFrameworksBuildPhase section */
		2A697B7A2AAF5AC100519306 /* Frameworks */ = {
			isa = PBXFrameworksBuildPhase;
			buildActionMask = 2147483647;
			files = (
			);
			runOnlyForDeploymentPostprocessing = 0;
		};
/* End PBXFrameworksBuildPhase section */

/* Begin PBXGroup section */
		2A697B742AAF5AC100519306 = {
			isa = PBXGroup;
			children = (
				2A697B7F2AAF5AC100519306 /* FinalProjectMovies */,
				2A697B7E2AAF5AC100519306 /* Products */,
			);
			sourceTree = "<group>";
		};
		2A697B7E2AAF5AC100519306 /* Products */ = {
			isa = PBXGroup;
			children = (
				2A697B7D2AAF5AC100519306 /* FinalProjectMovies.app */,
			);
			name = Products;
			sourceTree = "<group>";
		};
		2A697B7F2AAF5AC100519306 /* FinalProjectMovies */ = {
			isa = PBXGroup;
			children = (
				2A697B982AAF5B8B00519306 /* Modules */,
				2A697B972AAF5B7F00519306 /* Common */,
				2A697B952AAF5B6D00519306 /* Resources */,
				2A697B942AAF5B6200519306 /* Extensoins */,
				2A697B842AAF5AC100519306 /* ViewController.swift */,
				2A697B862AAF5AC100519306 /* Main.storyboard */,
				2A697B8E2AAF5AC300519306 /* Info.plist */,
			);
			path = FinalProjectMovies;
			sourceTree = "<group>";
		};
		2A697B942AAF5B6200519306 /* Extensoins */ = {
			isa = PBXGroup;
			children = (
			);
			path = Extensoins;
			sourceTree = "<group>";
		};
		2A697B952AAF5B6D00519306 /* Resources */ = {
			isa = PBXGroup;
			children = (
				2A697B802AAF5AC100519306 /* AppDelegate.swift */,
				2A697B892AAF5AC300519306 /* Assets.xcassets */,
				2A697B822AAF5AC100519306 /* SceneDelegate.swift */,
				2A697B8B2AAF5AC300519306 /* LaunchScreen.storyboard */,
			);
			path = Resources;
			sourceTree = "<group>";
		};
		2A697B972AAF5B7F00519306 /* Common */ = {
			isa = PBXGroup;
			children = (
			);
			path = Common;
			sourceTree = "<group>";
		};
		2A697B982AAF5B8B00519306 /* Modules */ = {
			isa = PBXGroup;
			children = (
				2A697B9C2AAF5DE000519306 /* MainTabBar */,
				2A697B9D2AAF658C00519306 /* HomeView */,
				2A697B9E2AAF65B900519306 /* MoviesView */,
				2A697B9F2AAF65CC00519306 /* TvView */,
				2A697BA02AAF65D600519306 /* SeriesView */,
				2A697BA12AAF660E00519306 /* BookmarksView */,
			);
			path = Modules;
			sourceTree = "<group>";
		};
		2A697B992AAF5BB500519306 /* Controllers */ = {
			isa = PBXGroup;
			children = (
				2AF0E3842AAF68D500FAFB70 /* MainTabBarController.swift */,
			);
			path = Controllers;
			sourceTree = "<group>";
		};
		2A697B9A2AAF5BBE00519306 /* Model */ = {
			isa = PBXGroup;
			children = (
			);
			path = Model;
			sourceTree = "<group>";
		};
		2A697B9B2AAF5BC800519306 /* View */ = {
			isa = PBXGroup;
			children = (
			);
			path = View;
			sourceTree = "<group>";
		};
		2A697B9C2AAF5DE000519306 /* MainTabBar */ = {
			isa = PBXGroup;
			children = (
				2A697B9A2AAF5BBE00519306 /* Model */,
				2A697B9B2AAF5BC800519306 /* View */,
				2A697B992AAF5BB500519306 /* Controllers */,
			);
			path = MainTabBar;
			sourceTree = "<group>";
		};
		2A697B9D2AAF658C00519306 /* HomeView */ = {
			isa = PBXGroup;
			children = (
				2A697BA42AAF665F00519306 /* Model */,
				2A697BA32AAF665600519306 /* View */,
				2A697BA22AAF664900519306 /* Controllers */,
			);
			path = HomeView;
			sourceTree = "<group>";
		};
		2A697B9E2AAF65B900519306 /* MoviesView */ = {
			isa = PBXGroup;
			children = (
				2A697BA72AAF668800519306 /* Model */,
				2A697BA62AAF668300519306 /* View */,
				2A697BA52AAF667A00519306 /* Controllers */,
			);
			path = MoviesView;
			sourceTree = "<group>";
		};
		2A697B9F2AAF65CC00519306 /* TvView */ = {
			isa = PBXGroup;
			children = (
				2A697BAA2AAF66AB00519306 /* Model */,
				2A697BA92AAF66A700519306 /* View */,
				2A697BA82AAF669D00519306 /* Controllers */,
			);
			path = TvView;
			sourceTree = "<group>";
		};
		2A697BA02AAF65D600519306 /* SeriesView */ = {
			isa = PBXGroup;
			children = (
				2A697BAD2AAF66F100519306 /* Model */,
				2A697BAC2AAF66EB00519306 /* View */,
				2A697BAB2AAF66B200519306 /* Controllers */,
			);
			path = SeriesView;
			sourceTree = "<group>";
		};
		2A697BA12AAF660E00519306 /* BookmarksView */ = {
			isa = PBXGroup;
			children = (
				2A697BB02AAF670C00519306 /* Model */,
				2A697BAF2AAF670700519306 /* View */,
				2A697BAE2AAF66FC00519306 /* Controllers */,
			);
			path = BookmarksView;
			sourceTree = "<group>";
		};
		2A697BA22AAF664900519306 /* Controllers */ = {
			isa = PBXGroup;
			children = (
				2A697BB12AAF677100519306 /* HomeViewController.swift */,
			);
			path = Controllers;
			sourceTree = "<group>";
		};
		2A697BA32AAF665600519306 /* View */ = {
			isa = PBXGroup;
			children = (
			);
			path = View;
			sourceTree = "<group>";
		};
		2A697BA42AAF665F00519306 /* Model */ = {
			isa = PBXGroup;
			children = (
			);
			path = Model;
			sourceTree = "<group>";
		};
		2A697BA52AAF667A00519306 /* Controllers */ = {
			isa = PBXGroup;
			children = (
				2AF0E37C2AAF680000FAFB70 /* MoviesViewController.swift */,
			);
			path = Controllers;
			sourceTree = "<group>";
		};
		2A697BA62AAF668300519306 /* View */ = {
			isa = PBXGroup;
			children = (
			);
			path = View;
			sourceTree = "<group>";
		};
		2A697BA72AAF668800519306 /* Model */ = {
			isa = PBXGroup;
			children = (
			);
			path = Model;
			sourceTree = "<group>";
		};
		2A697BA82AAF669D00519306 /* Controllers */ = {
			isa = PBXGroup;
			children = (
				2AF0E37E2AAF681A00FAFB70 /* TvViewController.swift */,
			);
			path = Controllers;
			sourceTree = "<group>";
		};
		2A697BA92AAF66A700519306 /* View */ = {
			isa = PBXGroup;
			children = (
			);
			path = View;
			sourceTree = "<group>";
		};
		2A697BAA2AAF66AB00519306 /* Model */ = {
			isa = PBXGroup;
			children = (
			);
			path = Model;
			sourceTree = "<group>";
		};
		2A697BAB2AAF66B200519306 /* Controllers */ = {
			isa = PBXGroup;
			children = (
				2AF0E3802AAF683000FAFB70 /* SiriesViewController.swift */,
			);
			path = Controllers;
			sourceTree = "<group>";
		};
		2A697BAC2AAF66EB00519306 /* View */ = {
			isa = PBXGroup;
			children = (
			);
			path = View;
			sourceTree = "<group>";
		};
		2A697BAD2AAF66F100519306 /* Model */ = {
			isa = PBXGroup;
			children = (
			);
			path = Model;
			sourceTree = "<group>";
		};
		2A697BAE2AAF66FC00519306 /* Controllers */ = {
			isa = PBXGroup;
			children = (
				2AF0E3822AAF684800FAFB70 /* BookmarksViewController.swift */,
			);
			path = Controllers;
			sourceTree = "<group>";
		};
		2A697BAF2AAF670700519306 /* View */ = {
			isa = PBXGroup;
			children = (
			);
			path = View;
			sourceTree = "<group>";
		};
		2A697BB02AAF670C00519306 /* Model */ = {
			isa = PBXGroup;
			children = (
			);
			path = Model;
			sourceTree = "<group>";
		};
/* End PBXGroup section */

/* Begin PBXNativeTarget section */
		2A697B7C2AAF5AC100519306 /* FinalProjectMovies */ = {
			isa = PBXNativeTarget;
			buildConfigurationList = 2A697B912AAF5AC300519306 /* Build configuration list for PBXNativeTarget "FinalProjectMovies" */;
			buildPhases = (
				2A697B792AAF5AC100519306 /* Sources */,
				2A697B7A2AAF5AC100519306 /* Frameworks */,
				2A697B7B2AAF5AC100519306 /* Resources */,
			);
			buildRules = (
			);
			dependencies = (
			);
			name = FinalProjectMovies;
			productName = FinalProjectMovies;
			productReference = 2A697B7D2AAF5AC100519306 /* FinalProjectMovies.app */;
			productType = "com.apple.product-type.application";
		};
/* End PBXNativeTarget section */

/* Begin PBXProject section */
		2A697B752AAF5AC100519306 /* Project object */ = {
			isa = PBXProject;
			attributes = {
				BuildIndependentTargetsInParallel = 1;
				LastSwiftUpdateCheck = 1420;
				LastUpgradeCheck = 1420;
				TargetAttributes = {
					2A697B7C2AAF5AC100519306 = {
						CreatedOnToolsVersion = 14.2;
					};
				};
			};
			buildConfigurationList = 2A697B782AAF5AC100519306 /* Build configuration list for PBXProject "FinalProjectMovies" */;
			compatibilityVersion = "Xcode 14.0";
			developmentRegion = en;
			hasScannedForEncodings = 0;
			knownRegions = (
				en,
				Base,
			);
			mainGroup = 2A697B742AAF5AC100519306;
			productRefGroup = 2A697B7E2AAF5AC100519306 /* Products */;
			projectDirPath = "";
			projectRoot = "";
			targets = (
				2A697B7C2AAF5AC100519306 /* FinalProjectMovies */,
			);
		};
/* End PBXProject section */

/* Begin PBXResourcesBuildPhase section */
		2A697B7B2AAF5AC100519306 /* Resources */ = {
			isa = PBXResourcesBuildPhase;
			buildActionMask = 2147483647;
			files = (
				2A697B8D2AAF5AC300519306 /* LaunchScreen.storyboard in Resources */,
				2A697B8A2AAF5AC300519306 /* Assets.xcassets in Resources */,
				2A697B882AAF5AC100519306 /* Main.storyboard in Resources */,
			);
			runOnlyForDeploymentPostprocessing = 0;
		};
/* End PBXResourcesBuildPhase section */

/* Begin PBXSourcesBuildPhase section */
		2A697B792AAF5AC100519306 /* Sources */ = {
			isa = PBXSourcesBuildPhase;
			buildActionMask = 2147483647;
			files = (
				2AF0E3832AAF684800FAFB70 /* BookmarksViewController.swift in Sources */,
				2A697B852AAF5AC100519306 /* ViewController.swift in Sources */,
				2AF0E3852AAF68D500FAFB70 /* MainTabBarController.swift in Sources */,
				2AF0E37D2AAF680000FAFB70 /* MoviesViewController.swift in Sources */,
				2AF0E37F2AAF681A00FAFB70 /* TvViewController.swift in Sources */,
				2A697B812AAF5AC100519306 /* AppDelegate.swift in Sources */,
				2A697B832AAF5AC100519306 /* SceneDelegate.swift in Sources */,
				2AF0E3812AAF683000FAFB70 /* SiriesViewController.swift in Sources */,
				2A697BB22AAF677100519306 /* HomeViewController.swift in Sources */,
			);
			runOnlyForDeploymentPostprocessing = 0;
		};
/* End PBXSourcesBuildPhase section */

/* Begin PBXVariantGroup section */
		2A697B862AAF5AC100519306 /* Main.storyboard */ = {
			isa = PBXVariantGroup;
			children = (
				2A697B872AAF5AC100519306 /* Base */,
			);
			name = Main.storyboard;
			sourceTree = "<group>";
		};
		2A697B8B2AAF5AC300519306 /* LaunchScreen.storyboard */ = {
			isa = PBXVariantGroup;
			children = (
				2A697B8C2AAF5AC300519306 /* Base */,
			);
			name = LaunchScreen.storyboard;
			sourceTree = "<group>";
		};
/* End PBXVariantGroup section */

/* Begin XCBuildConfiguration section */
		2A697B8F2AAF5AC300519306 /* Debug */ = {
			isa = XCBuildConfiguration;
			buildSettings = {
				ALWAYS_SEARCH_USER_PATHS = NO;
				CLANG_ANALYZER_NONNULL = YES;
				CLANG_ANALYZER_NUMBER_OBJECT_CONVERSION = YES_AGGRESSIVE;
				CLANG_CXX_LANGUAGE_STANDARD = "gnu++20";
				CLANG_ENABLE_MODULES = YES;
				CLANG_ENABLE_OBJC_ARC = YES;
				CLANG_ENABLE_OBJC_WEAK = YES;
				CLANG_WARN_BLOCK_CAPTURE_AUTORELEASING = YES;
				CLANG_WARN_BOOL_CONVERSION = YES;
				CLANG_WARN_COMMA = YES;
				CLANG_WARN_CONSTANT_CONVERSION = YES;
				CLANG_WARN_DEPRECATED_OBJC_IMPLEMENTATIONS = YES;
				CLANG_WARN_DIRECT_OBJC_ISA_USAGE = YES_ERROR;
				CLANG_WARN_DOCUMENTATION_COMMENTS = YES;
				CLANG_WARN_EMPTY_BODY = YES;
				CLANG_WARN_ENUM_CONVERSION = YES;
				CLANG_WARN_INFINITE_RECURSION = YES;
				CLANG_WARN_INT_CONVERSION = YES;
				CLANG_WARN_NON_LITERAL_NULL_CONVERSION = YES;
				CLANG_WARN_OBJC_IMPLICIT_RETAIN_SELF = YES;
				CLANG_WARN_OBJC_LITERAL_CONVERSION = YES;
				CLANG_WARN_OBJC_ROOT_CLASS = YES_ERROR;
				CLANG_WARN_QUOTED_INCLUDE_IN_FRAMEWORK_HEADER = YES;
				CLANG_WARN_RANGE_LOOP_ANALYSIS = YES;
				CLANG_WARN_STRICT_PROTOTYPES = YES;
				CLANG_WARN_SUSPICIOUS_MOVE = YES;
				CLANG_WARN_UNGUARDED_AVAILABILITY = YES_AGGRESSIVE;
				CLANG_WARN_UNREACHABLE_CODE = YES;
				CLANG_WARN__DUPLICATE_METHOD_MATCH = YES;
				COPY_PHASE_STRIP = NO;
				DEBUG_INFORMATION_FORMAT = dwarf;
				ENABLE_STRICT_OBJC_MSGSEND = YES;
				ENABLE_TESTABILITY = YES;
				GCC_C_LANGUAGE_STANDARD = gnu11;
				GCC_DYNAMIC_NO_PIC = NO;
				GCC_NO_COMMON_BLOCKS = YES;
				GCC_OPTIMIZATION_LEVEL = 0;
				GCC_PREPROCESSOR_DEFINITIONS = (
					"DEBUG=1",
					"$(inherited)",
				);
				GCC_WARN_64_TO_32_BIT_CONVERSION = YES;
				GCC_WARN_ABOUT_RETURN_TYPE = YES_ERROR;
				GCC_WARN_UNDECLARED_SELECTOR = YES;
				GCC_WARN_UNINITIALIZED_AUTOS = YES_AGGRESSIVE;
				GCC_WARN_UNUSED_FUNCTION = YES;
				GCC_WARN_UNUSED_VARIABLE = YES;
				IPHONEOS_DEPLOYMENT_TARGET = 16.2;
				MTL_ENABLE_DEBUG_INFO = INCLUDE_SOURCE;
				MTL_FAST_MATH = YES;
				ONLY_ACTIVE_ARCH = YES;
				SDKROOT = iphoneos;
				SWIFT_ACTIVE_COMPILATION_CONDITIONS = DEBUG;
				SWIFT_OPTIMIZATION_LEVEL = "-Onone";
			};
			name = Debug;
		};
		2A697B902AAF5AC300519306 /* Release */ = {
			isa = XCBuildConfiguration;
			buildSettings = {
				ALWAYS_SEARCH_USER_PATHS = NO;
				CLANG_ANALYZER_NONNULL = YES;
				CLANG_ANALYZER_NUMBER_OBJECT_CONVERSION = YES_AGGRESSIVE;
				CLANG_CXX_LANGUAGE_STANDARD = "gnu++20";
				CLANG_ENABLE_MODULES = YES;
				CLANG_ENABLE_OBJC_ARC = YES;
				CLANG_ENABLE_OBJC_WEAK = YES;
				CLANG_WARN_BLOCK_CAPTURE_AUTORELEASING = YES;
				CLANG_WARN_BOOL_CONVERSION = YES;
				CLANG_WARN_COMMA = YES;
				CLANG_WARN_CONSTANT_CONVERSION = YES;
				CLANG_WARN_DEPRECATED_OBJC_IMPLEMENTATIONS = YES;
				CLANG_WARN_DIRECT_OBJC_ISA_USAGE = YES_ERROR;
				CLANG_WARN_DOCUMENTATION_COMMENTS = YES;
				CLANG_WARN_EMPTY_BODY = YES;
				CLANG_WARN_ENUM_CONVERSION = YES;
				CLANG_WARN_INFINITE_RECURSION = YES;
				CLANG_WARN_INT_CONVERSION = YES;
				CLANG_WARN_NON_LITERAL_NULL_CONVERSION = YES;
				CLANG_WARN_OBJC_IMPLICIT_RETAIN_SELF = YES;
				CLANG_WARN_OBJC_LITERAL_CONVERSION = YES;
				CLANG_WARN_OBJC_ROOT_CLASS = YES_ERROR;
				CLANG_WARN_QUOTED_INCLUDE_IN_FRAMEWORK_HEADER = YES;
				CLANG_WARN_RANGE_LOOP_ANALYSIS = YES;
				CLANG_WARN_STRICT_PROTOTYPES = YES;
				CLANG_WARN_SUSPICIOUS_MOVE = YES;
				CLANG_WARN_UNGUARDED_AVAILABILITY = YES_AGGRESSIVE;
				CLANG_WARN_UNREACHABLE_CODE = YES;
				CLANG_WARN__DUPLICATE_METHOD_MATCH = YES;
				COPY_PHASE_STRIP = NO;
				DEBUG_INFORMATION_FORMAT = "dwarf-with-dsym";
				ENABLE_NS_ASSERTIONS = NO;
				ENABLE_STRICT_OBJC_MSGSEND = YES;
				GCC_C_LANGUAGE_STANDARD = gnu11;
				GCC_NO_COMMON_BLOCKS = YES;
				GCC_WARN_64_TO_32_BIT_CONVERSION = YES;
				GCC_WARN_ABOUT_RETURN_TYPE = YES_ERROR;
				GCC_WARN_UNDECLARED_SELECTOR = YES;
				GCC_WARN_UNINITIALIZED_AUTOS = YES_AGGRESSIVE;
				GCC_WARN_UNUSED_FUNCTION = YES;
				GCC_WARN_UNUSED_VARIABLE = YES;
				IPHONEOS_DEPLOYMENT_TARGET = 16.2;
				MTL_ENABLE_DEBUG_INFO = NO;
				MTL_FAST_MATH = YES;
				SDKROOT = iphoneos;
				SWIFT_COMPILATION_MODE = wholemodule;
				SWIFT_OPTIMIZATION_LEVEL = "-O";
				VALIDATE_PRODUCT = YES;
			};
			name = Release;
		};
		2A697B922AAF5AC300519306 /* Debug */ = {
			isa = XCBuildConfiguration;
			buildSettings = {
				ASSETCATALOG_COMPILER_APPICON_NAME = AppIcon;
				ASSETCATALOG_COMPILER_GLOBAL_ACCENT_COLOR_NAME = AccentColor;
				CODE_SIGN_STYLE = Automatic;
				CURRENT_PROJECT_VERSION = 1;
				GENERATE_INFOPLIST_FILE = YES;
				INFOPLIST_FILE = FinalProjectMovies/Info.plist;
				INFOPLIST_KEY_UIApplicationSupportsIndirectInputEvents = YES;
				INFOPLIST_KEY_UILaunchStoryboardName = LaunchScreen;
				INFOPLIST_KEY_UIMainStoryboardFile = Main;
				INFOPLIST_KEY_UISupportedInterfaceOrientations_iPad = "UIInterfaceOrientationPortrait UIInterfaceOrientationPortraitUpsideDown UIInterfaceOrientationLandscapeLeft UIInterfaceOrientationLandscapeRight";
				INFOPLIST_KEY_UISupportedInterfaceOrientations_iPhone = "UIInterfaceOrientationPortrait UIInterfaceOrientationLandscapeLeft UIInterfaceOrientationLandscapeRight";
				LD_RUNPATH_SEARCH_PATHS = (
					"$(inherited)",
					"@executable_path/Frameworks",
				);
				MARKETING_VERSION = 1.0;
				PRODUCT_BUNDLE_IDENTIFIER = code.TestProject.FinalProjectMovies;
				PRODUCT_NAME = "$(TARGET_NAME)";
				SWIFT_EMIT_LOC_STRINGS = YES;
				SWIFT_VERSION = 5.0;
				TARGETED_DEVICE_FAMILY = "1,2";
			};
			name = Debug;
		};
		2A697B932AAF5AC300519306 /* Release */ = {
			isa = XCBuildConfiguration;
			buildSettings = {
				ASSETCATALOG_COMPILER_APPICON_NAME = AppIcon;
				ASSETCATALOG_COMPILER_GLOBAL_ACCENT_COLOR_NAME = AccentColor;
				CODE_SIGN_STYLE = Automatic;
				CURRENT_PROJECT_VERSION = 1;
				GENERATE_INFOPLIST_FILE = YES;
				INFOPLIST_FILE = FinalProjectMovies/Info.plist;
				INFOPLIST_KEY_UIApplicationSupportsIndirectInputEvents = YES;
				INFOPLIST_KEY_UILaunchStoryboardName = LaunchScreen;
				INFOPLIST_KEY_UIMainStoryboardFile = Main;
				INFOPLIST_KEY_UISupportedInterfaceOrientations_iPad = "UIInterfaceOrientationPortrait UIInterfaceOrientationPortraitUpsideDown UIInterfaceOrientationLandscapeLeft UIInterfaceOrientationLandscapeRight";
				INFOPLIST_KEY_UISupportedInterfaceOrientations_iPhone = "UIInterfaceOrientationPortrait UIInterfaceOrientationLandscapeLeft UIInterfaceOrientationLandscapeRight";
				LD_RUNPATH_SEARCH_PATHS = (
					"$(inherited)",
					"@executable_path/Frameworks",
				);
				MARKETING_VERSION = 1.0;
				PRODUCT_BUNDLE_IDENTIFIER = code.TestProject.FinalProjectMovies;
				PRODUCT_NAME = "$(TARGET_NAME)";
				SWIFT_EMIT_LOC_STRINGS = YES;
				SWIFT_VERSION = 5.0;
				TARGETED_DEVICE_FAMILY = "1,2";
			};
			name = Release;
		};
/* End XCBuildConfiguration section */

/* Begin XCConfigurationList section */
		2A697B782AAF5AC100519306 /* Build configuration list for PBXProject "FinalProjectMovies" */ = {
			isa = XCConfigurationList;
			buildConfigurations = (
				2A697B8F2AAF5AC300519306 /* Debug */,
				2A697B902AAF5AC300519306 /* Release */,
			);
			defaultConfigurationIsVisible = 0;
			defaultConfigurationName = Release;
		};
		2A697B912AAF5AC300519306 /* Build configuration list for PBXNativeTarget "FinalProjectMovies" */ = {
			isa = XCConfigurationList;
			buildConfigurations = (
				2A697B922AAF5AC300519306 /* Debug */,
				2A697B932AAF5AC300519306 /* Release */,
			);
			defaultConfigurationIsVisible = 0;
			defaultConfigurationName = Release;
		};
/* End XCConfigurationList section */
	};
	rootObject = 2A697B752AAF5AC100519306 /* Project object */;
}
