// !$*UTF8*$!
{
	archiveVersion = 1;
	classes = {
	};
	objectVersion = 56;
	objects = {

/* Begin PBXBuildFile section */
		2A2CE0A32AB84B29000D6745 /* ModelTvWeek.swift in Sources */ = {isa = PBXBuildFile; fileRef = 2A2CE0A22AB84B29000D6745 /* ModelTvWeek.swift */; };
		2A2CE0A62AB84F45000D6745 /* AllTvCollectionViewCell.swift in Sources */ = {isa = PBXBuildFile; fileRef = 2A2CE0A42AB84F45000D6745 /* AllTvCollectionViewCell.swift */; };
		2A2CE0A72AB84F45000D6745 /* AllTvCollectionViewCell.xib in Resources */ = {isa = PBXBuildFile; fileRef = 2A2CE0A52AB84F45000D6745 /* AllTvCollectionViewCell.xib */; };
		2A2CE0A92AB84FE6000D6745 /* ExtensionTv.swift in Sources */ = {isa = PBXBuildFile; fileRef = 2A2CE0A82AB84FE6000D6745 /* ExtensionTv.swift */; };
		2A3794C02AB5983400856CF2 /* GenresCollectionViewCell.swift in Sources */ = {isa = PBXBuildFile; fileRef = 2A3794BF2AB5983400856CF2 /* GenresCollectionViewCell.swift */; };
		2A3794C62AB5DF5600856CF2 /* GenresCollectionViewCell.xib in Resources */ = {isa = PBXBuildFile; fileRef = 2A3794C52AB5DF5600856CF2 /* GenresCollectionViewCell.xib */; };
		2A3794CB2AB5E34D00856CF2 /* AllMoviesCollectionViewCell.swift in Sources */ = {isa = PBXBuildFile; fileRef = 2A3794C92AB5E34D00856CF2 /* AllMoviesCollectionViewCell.swift */; };
		2A3794CC2AB5E34D00856CF2 /* AllMoviesCollectionViewCell.xib in Resources */ = {isa = PBXBuildFile; fileRef = 2A3794CA2AB5E34D00856CF2 /* AllMoviesCollectionViewCell.xib */; };
		2A3794CE2AB5F4D800856CF2 /* ModelAllMovies.swift in Sources */ = {isa = PBXBuildFile; fileRef = 2A3794CD2AB5F4D800856CF2 /* ModelAllMovies.swift */; };
		2A3794D12AB6076000856CF2 /* ScreenPresentViewController.swift in Sources */ = {isa = PBXBuildFile; fileRef = 2A3794D02AB6076000856CF2 /* ScreenPresentViewController.swift */; };
		2A3794D72AB6E9B500856CF2 /* CollectionView.swift in Sources */ = {isa = PBXBuildFile; fileRef = 2A3794D62AB6E9B500856CF2 /* CollectionView.swift */; };
		2A3794D92AB6EB8500856CF2 /* ExtensionMovies.swift in Sources */ = {isa = PBXBuildFile; fileRef = 2A3794D82AB6EB8500856CF2 /* ExtensionMovies.swift */; };
		2A4D0EAB2AB870BF00B13B1A /* BookmarksTableViewCell.swift in Sources */ = {isa = PBXBuildFile; fileRef = 2A4D0EA92AB870BF00B13B1A /* BookmarksTableViewCell.swift */; };
		2A4D0EAC2AB870BF00B13B1A /* BookmarksTableViewCell.xib in Resources */ = {isa = PBXBuildFile; fileRef = 2A4D0EAA2AB870BF00B13B1A /* BookmarksTableViewCell.xib */; };
		2A4D0EAE2AB8757200B13B1A /* ExtensionBookmarks.swift in Sources */ = {isa = PBXBuildFile; fileRef = 2A4D0EAD2AB8757200B13B1A /* ExtensionBookmarks.swift */; };
		2A4D0EB22AB89BD900B13B1A /* ModelMovies.swift in Sources */ = {isa = PBXBuildFile; fileRef = 2A4D0EB12AB89BD900B13B1A /* ModelMovies.swift */; };
		2A4D0EB42AB89C3C00B13B1A /* ModelTv.swift in Sources */ = {isa = PBXBuildFile; fileRef = 2A4D0EB32AB89C3C00B13B1A /* ModelTv.swift */; };
		2A4D0EB82AB89D3400B13B1A /* RealmManegerMovies.swift in Sources */ = {isa = PBXBuildFile; fileRef = 2A4D0EB72AB89D3400B13B1A /* RealmManegerMovies.swift */; };
		2A4D0EBA2AB89D7400B13B1A /* RealmManegerTv.swift in Sources */ = {isa = PBXBuildFile; fileRef = 2A4D0EB92AB89D7400B13B1A /* RealmManegerTv.swift */; };
		2A4D0EBC2AB97E4500B13B1A /* ModelVideoMovie.swift in Sources */ = {isa = PBXBuildFile; fileRef = 2A4D0EBB2AB97E4500B13B1A /* ModelVideoMovie.swift */; };
		2A697B812AAF5AC100519306 /* AppDelegate.swift in Sources */ = {isa = PBXBuildFile; fileRef = 2A697B802AAF5AC100519306 /* AppDelegate.swift */; };
		2A697B832AAF5AC100519306 /* SceneDelegate.swift in Sources */ = {isa = PBXBuildFile; fileRef = 2A697B822AAF5AC100519306 /* SceneDelegate.swift */; };
		2A697B882AAF5AC100519306 /* Main.storyboard in Resources */ = {isa = PBXBuildFile; fileRef = 2A697B862AAF5AC100519306 /* Main.storyboard */; };
		2A697B8A2AAF5AC300519306 /* Assets.xcassets in Resources */ = {isa = PBXBuildFile; fileRef = 2A697B892AAF5AC300519306 /* Assets.xcassets */; };
		2A697B8D2AAF5AC300519306 /* LaunchScreen.storyboard in Resources */ = {isa = PBXBuildFile; fileRef = 2A697B8B2AAF5AC300519306 /* LaunchScreen.storyboard */; };
		2A697BB22AAF677100519306 /* HomeViewController.swift in Sources */ = {isa = PBXBuildFile; fileRef = 2A697BB12AAF677100519306 /* HomeViewController.swift */; };
		2ACBD79F2AB210E40056AD2C /* TopVideoCollectionViewCell.swift in Sources */ = {isa = PBXBuildFile; fileRef = 2ACBD79D2AB210E40056AD2C /* TopVideoCollectionViewCell.swift */; };
		2ACBD7A02AB210E40056AD2C /* TopVideoCollectionViewCell.xib in Resources */ = {isa = PBXBuildFile; fileRef = 2ACBD79E2AB210E40056AD2C /* TopVideoCollectionViewCell.xib */; };
		2ACBD7A32AB244C20056AD2C /* Kingfisher in Frameworks */ = {isa = PBXBuildFile; productRef = 2ACBD7A22AB244C20056AD2C /* Kingfisher */; };
		2ACBD7A62AB35A6D0056AD2C /* Extension.swift in Sources */ = {isa = PBXBuildFile; fileRef = 2ACBD7A52AB35A6D0056AD2C /* Extension.swift */; };
		2ACBD7B32AB46E6E0056AD2C /* ModelTopTv.swift in Sources */ = {isa = PBXBuildFile; fileRef = 2ACBD7B22AB46E6E0056AD2C /* ModelTopTv.swift */; };
		2ACBD7B62AB46F9D0056AD2C /* GetNetworkData.swift in Sources */ = {isa = PBXBuildFile; fileRef = 2ACBD7B52AB46F9D0056AD2C /* GetNetworkData.swift */; };
		2ACBD7BA2AB4C8530056AD2C /* ModelGenres.swift in Sources */ = {isa = PBXBuildFile; fileRef = 2ACBD7B92AB4C8530056AD2C /* ModelGenres.swift */; };
		2ADD786C2ABAD19D00E81FF3 /* ModelVideoTv.swift in Sources */ = {isa = PBXBuildFile; fileRef = 2ADD786B2ABAD19D00E81FF3 /* ModelVideoTv.swift */; };
		2ADD786E2ABB05EE00E81FF3 /* ModelRealmBookmarks.swift in Sources */ = {isa = PBXBuildFile; fileRef = 2ADD786D2ABB05EE00E81FF3 /* ModelRealmBookmarks.swift */; };
		2ADD78702ABB06C400E81FF3 /* RealmManegerBookmarks.swift in Sources */ = {isa = PBXBuildFile; fileRef = 2ADD786F2ABB06C400E81FF3 /* RealmManegerBookmarks.swift */; };
		2AF0E37D2AAF680000FAFB70 /* MoviesViewController.swift in Sources */ = {isa = PBXBuildFile; fileRef = 2AF0E37C2AAF680000FAFB70 /* MoviesViewController.swift */; };
		2AF0E37F2AAF681A00FAFB70 /* TvViewController.swift in Sources */ = {isa = PBXBuildFile; fileRef = 2AF0E37E2AAF681A00FAFB70 /* TvViewController.swift */; };
		2AF0E3832AAF684800FAFB70 /* BookmarksViewController.swift in Sources */ = {isa = PBXBuildFile; fileRef = 2AF0E3822AAF684800FAFB70 /* BookmarksViewController.swift */; };
		2AF0E3852AAF68D500FAFB70 /* MainTabBarController.swift in Sources */ = {isa = PBXBuildFile; fileRef = 2AF0E3842AAF68D500FAFB70 /* MainTabBarController.swift */; };
		2AF0E38F2AAF7E3100FAFB70 /* UIColorExtension.swift in Sources */ = {isa = PBXBuildFile; fileRef = 2AF0E38E2AAF7E3100FAFB70 /* UIColorExtension.swift */; };
		2AF0E3912AAF83D300FAFB70 /* ColorViewExtension.swift in Sources */ = {isa = PBXBuildFile; fileRef = 2AF0E3902AAF83D300FAFB70 /* ColorViewExtension.swift */; };
		2AF0E39A2AB0AEDC00FAFB70 /* Alamofire in Frameworks */ = {isa = PBXBuildFile; productRef = 2AF0E3992AB0AEDC00FAFB70 /* Alamofire */; };
		2AF0E39D2AB0B03E00FAFB70 /* RealmSwift in Frameworks */ = {isa = PBXBuildFile; productRef = 2AF0E39C2AB0B03E00FAFB70 /* RealmSwift */; };
		2AF0E3A32AB0D3C200FAFB70 /* Constant.swift in Sources */ = {isa = PBXBuildFile; fileRef = 2AF0E3A22AB0D3C200FAFB70 /* Constant.swift */; };
		2AF0E3A62AB0D5D400FAFB70 /* ModelTopMovies.swift in Sources */ = {isa = PBXBuildFile; fileRef = 2AF0E3A52AB0D5D400FAFB70 /* ModelTopMovies.swift */; };
		2AF0E3A92AB0D6EC00FAFB70 /* YouTubeiOSPlayerHelper in Frameworks */ = {isa = PBXBuildFile; productRef = 2AF0E3A82AB0D6EC00FAFB70 /* YouTubeiOSPlayerHelper */; };
/* End PBXBuildFile section */

/* Begin PBXFileReference section */
		2A2CE0A22AB84B29000D6745 /* ModelTvWeek.swift */ = {isa = PBXFileReference; lastKnownFileType = sourcecode.swift; path = ModelTvWeek.swift; sourceTree = "<group>"; };
		2A2CE0A42AB84F45000D6745 /* AllTvCollectionViewCell.swift */ = {isa = PBXFileReference; lastKnownFileType = sourcecode.swift; path = AllTvCollectionViewCell.swift; sourceTree = "<group>"; };
		2A2CE0A52AB84F45000D6745 /* AllTvCollectionViewCell.xib */ = {isa = PBXFileReference; lastKnownFileType = file.xib; path = AllTvCollectionViewCell.xib; sourceTree = "<group>"; };
		2A2CE0A82AB84FE6000D6745 /* ExtensionTv.swift */ = {isa = PBXFileReference; lastKnownFileType = sourcecode.swift; path = ExtensionTv.swift; sourceTree = "<group>"; };
		2A3794BF2AB5983400856CF2 /* GenresCollectionViewCell.swift */ = {isa = PBXFileReference; lastKnownFileType = sourcecode.swift; path = GenresCollectionViewCell.swift; sourceTree = "<group>"; };
		2A3794C52AB5DF5600856CF2 /* GenresCollectionViewCell.xib */ = {isa = PBXFileReference; lastKnownFileType = file.xib; path = GenresCollectionViewCell.xib; sourceTree = "<group>"; };
		2A3794C92AB5E34D00856CF2 /* AllMoviesCollectionViewCell.swift */ = {isa = PBXFileReference; lastKnownFileType = sourcecode.swift; path = AllMoviesCollectionViewCell.swift; sourceTree = "<group>"; };
		2A3794CA2AB5E34D00856CF2 /* AllMoviesCollectionViewCell.xib */ = {isa = PBXFileReference; lastKnownFileType = file.xib; path = AllMoviesCollectionViewCell.xib; sourceTree = "<group>"; };
		2A3794CD2AB5F4D800856CF2 /* ModelAllMovies.swift */ = {isa = PBXFileReference; lastKnownFileType = sourcecode.swift; path = ModelAllMovies.swift; sourceTree = "<group>"; };
		2A3794D02AB6076000856CF2 /* ScreenPresentViewController.swift */ = {isa = PBXFileReference; lastKnownFileType = sourcecode.swift; path = ScreenPresentViewController.swift; sourceTree = "<group>"; };
		2A3794D62AB6E9B500856CF2 /* CollectionView.swift */ = {isa = PBXFileReference; lastKnownFileType = sourcecode.swift; path = CollectionView.swift; sourceTree = "<group>"; };
		2A3794D82AB6EB8500856CF2 /* ExtensionMovies.swift */ = {isa = PBXFileReference; lastKnownFileType = sourcecode.swift; path = ExtensionMovies.swift; sourceTree = "<group>"; };
		2A4D0EA92AB870BF00B13B1A /* BookmarksTableViewCell.swift */ = {isa = PBXFileReference; lastKnownFileType = sourcecode.swift; path = BookmarksTableViewCell.swift; sourceTree = "<group>"; };
		2A4D0EAA2AB870BF00B13B1A /* BookmarksTableViewCell.xib */ = {isa = PBXFileReference; lastKnownFileType = file.xib; path = BookmarksTableViewCell.xib; sourceTree = "<group>"; };
		2A4D0EAD2AB8757200B13B1A /* ExtensionBookmarks.swift */ = {isa = PBXFileReference; lastKnownFileType = sourcecode.swift; path = ExtensionBookmarks.swift; sourceTree = "<group>"; };
		2A4D0EB12AB89BD900B13B1A /* ModelMovies.swift */ = {isa = PBXFileReference; lastKnownFileType = sourcecode.swift; path = ModelMovies.swift; sourceTree = "<group>"; };
		2A4D0EB32AB89C3C00B13B1A /* ModelTv.swift */ = {isa = PBXFileReference; lastKnownFileType = sourcecode.swift; path = ModelTv.swift; sourceTree = "<group>"; };
		2A4D0EB72AB89D3400B13B1A /* RealmManegerMovies.swift */ = {isa = PBXFileReference; lastKnownFileType = sourcecode.swift; path = RealmManegerMovies.swift; sourceTree = "<group>"; };
		2A4D0EB92AB89D7400B13B1A /* RealmManegerTv.swift */ = {isa = PBXFileReference; lastKnownFileType = sourcecode.swift; path = RealmManegerTv.swift; sourceTree = "<group>"; };
		2A4D0EBB2AB97E4500B13B1A /* ModelVideoMovie.swift */ = {isa = PBXFileReference; lastKnownFileType = sourcecode.swift; path = ModelVideoMovie.swift; sourceTree = "<group>"; };
		2A697B7D2AAF5AC100519306 /* FinalProjectMovies.app */ = {isa = PBXFileReference; explicitFileType = wrapper.application; includeInIndex = 0; path = FinalProjectMovies.app; sourceTree = BUILT_PRODUCTS_DIR; };
		2A697B802AAF5AC100519306 /* AppDelegate.swift */ = {isa = PBXFileReference; lastKnownFileType = sourcecode.swift; path = AppDelegate.swift; sourceTree = "<group>"; };
		2A697B822AAF5AC100519306 /* SceneDelegate.swift */ = {isa = PBXFileReference; lastKnownFileType = sourcecode.swift; path = SceneDelegate.swift; sourceTree = "<group>"; };
		2A697B872AAF5AC100519306 /* Base */ = {isa = PBXFileReference; lastKnownFileType = file.storyboard; name = Base; path = Base.lproj/Main.storyboard; sourceTree = "<group>"; };
		2A697B892AAF5AC300519306 /* Assets.xcassets */ = {isa = PBXFileReference; lastKnownFileType = folder.assetcatalog; path = Assets.xcassets; sourceTree = "<group>"; };
		2A697B8C2AAF5AC300519306 /* Base */ = {isa = PBXFileReference; lastKnownFileType = file.storyboard; name = Base; path = Base.lproj/LaunchScreen.storyboard; sourceTree = "<group>"; };
		2A697B8E2AAF5AC300519306 /* Info.plist */ = {isa = PBXFileReference; lastKnownFileType = text.plist.xml; path = Info.plist; sourceTree = "<group>"; };
		2A697BB12AAF677100519306 /* HomeViewController.swift */ = {isa = PBXFileReference; lastKnownFileType = sourcecode.swift; path = HomeViewController.swift; sourceTree = "<group>"; };
		2ACBD79D2AB210E40056AD2C /* TopVideoCollectionViewCell.swift */ = {isa = PBXFileReference; lastKnownFileType = sourcecode.swift; path = TopVideoCollectionViewCell.swift; sourceTree = "<group>"; };
		2ACBD79E2AB210E40056AD2C /* TopVideoCollectionViewCell.xib */ = {isa = PBXFileReference; lastKnownFileType = file.xib; path = TopVideoCollectionViewCell.xib; sourceTree = "<group>"; };
		2ACBD7A52AB35A6D0056AD2C /* Extension.swift */ = {isa = PBXFileReference; lastKnownFileType = sourcecode.swift; path = Extension.swift; sourceTree = "<group>"; };
		2ACBD7B22AB46E6E0056AD2C /* ModelTopTv.swift */ = {isa = PBXFileReference; lastKnownFileType = sourcecode.swift; path = ModelTopTv.swift; sourceTree = "<group>"; };
		2ACBD7B52AB46F9D0056AD2C /* GetNetworkData.swift */ = {isa = PBXFileReference; lastKnownFileType = sourcecode.swift; path = GetNetworkData.swift; sourceTree = "<group>"; };
		2ACBD7B92AB4C8530056AD2C /* ModelGenres.swift */ = {isa = PBXFileReference; lastKnownFileType = sourcecode.swift; path = ModelGenres.swift; sourceTree = "<group>"; };
		2ADD786B2ABAD19D00E81FF3 /* ModelVideoTv.swift */ = {isa = PBXFileReference; lastKnownFileType = sourcecode.swift; path = ModelVideoTv.swift; sourceTree = "<group>"; };
		2ADD786D2ABB05EE00E81FF3 /* ModelRealmBookmarks.swift */ = {isa = PBXFileReference; lastKnownFileType = sourcecode.swift; path = ModelRealmBookmarks.swift; sourceTree = "<group>"; };
		2ADD786F2ABB06C400E81FF3 /* RealmManegerBookmarks.swift */ = {isa = PBXFileReference; lastKnownFileType = sourcecode.swift; path = RealmManegerBookmarks.swift; sourceTree = "<group>"; };
		2AF0E37C2AAF680000FAFB70 /* MoviesViewController.swift */ = {isa = PBXFileReference; lastKnownFileType = sourcecode.swift; path = MoviesViewController.swift; sourceTree = "<group>"; };
		2AF0E37E2AAF681A00FAFB70 /* TvViewController.swift */ = {isa = PBXFileReference; lastKnownFileType = sourcecode.swift; path = TvViewController.swift; sourceTree = "<group>"; };
		2AF0E3822AAF684800FAFB70 /* BookmarksViewController.swift */ = {isa = PBXFileReference; lastKnownFileType = sourcecode.swift; path = BookmarksViewController.swift; sourceTree = "<group>"; };
		2AF0E3842AAF68D500FAFB70 /* MainTabBarController.swift */ = {isa = PBXFileReference; lastKnownFileType = sourcecode.swift; path = MainTabBarController.swift; sourceTree = "<group>"; };
		2AF0E38E2AAF7E3100FAFB70 /* UIColorExtension.swift */ = {isa = PBXFileReference; lastKnownFileType = sourcecode.swift; path = UIColorExtension.swift; sourceTree = "<group>"; };
		2AF0E3902AAF83D300FAFB70 /* ColorViewExtension.swift */ = {isa = PBXFileReference; lastKnownFileType = sourcecode.swift; path = ColorViewExtension.swift; sourceTree = "<group>"; };
		2AF0E3A22AB0D3C200FAFB70 /* Constant.swift */ = {isa = PBXFileReference; lastKnownFileType = sourcecode.swift; path = Constant.swift; sourceTree = "<group>"; };
		2AF0E3A52AB0D5D400FAFB70 /* ModelTopMovies.swift */ = {isa = PBXFileReference; lastKnownFileType = sourcecode.swift; path = ModelTopMovies.swift; sourceTree = "<group>"; };
/* End PBXFileReference section */

/* Begin PBXFrameworksBuildPhase section */
		2A697B7A2AAF5AC100519306 /* Frameworks */ = {
			isa = PBXFrameworksBuildPhase;
			buildActionMask = 2147483647;
			files = (
				2ACBD7A32AB244C20056AD2C /* Kingfisher in Frameworks */,
				2AF0E39D2AB0B03E00FAFB70 /* RealmSwift in Frameworks */,
				2AF0E39A2AB0AEDC00FAFB70 /* Alamofire in Frameworks */,
				2AF0E3A92AB0D6EC00FAFB70 /* YouTubeiOSPlayerHelper in Frameworks */,
			);
			runOnlyForDeploymentPostprocessing = 0;
		};
/* End PBXFrameworksBuildPhase section */

/* Begin PBXGroup section */
		2A3794C72AB5E30500856CF2 /* GenresCell */ = {
			isa = PBXGroup;
			children = (
				2A3794BF2AB5983400856CF2 /* GenresCollectionViewCell.swift */,
				2A3794C52AB5DF5600856CF2 /* GenresCollectionViewCell.xib */,
			);
			path = GenresCell;
			sourceTree = "<group>";
		};
		2A3794C82AB5E31300856CF2 /* MoviesCell */ = {
			isa = PBXGroup;
			children = (
				2A3794C92AB5E34D00856CF2 /* AllMoviesCollectionViewCell.swift */,
				2A3794CA2AB5E34D00856CF2 /* AllMoviesCollectionViewCell.xib */,
			);
			path = MoviesCell;
			sourceTree = "<group>";
		};
		2A3794CF2AB606DB00856CF2 /* ScreenPresentView */ = {
			isa = PBXGroup;
			children = (
				2A3794D22AB6081C00856CF2 /* Model */,
				2A3794D32AB6084300856CF2 /* Controllers */,
			);
			path = ScreenPresentView;
			sourceTree = "<group>";
		};
		2A3794D22AB6081C00856CF2 /* Model */ = {
			isa = PBXGroup;
			children = (
				2A4D0EBB2AB97E4500B13B1A /* ModelVideoMovie.swift */,
				2ADD786B2ABAD19D00E81FF3 /* ModelVideoTv.swift */,
			);
			path = Model;
			sourceTree = "<group>";
		};
		2A3794D32AB6084300856CF2 /* Controllers */ = {
			isa = PBXGroup;
			children = (
				2A3794D02AB6076000856CF2 /* ScreenPresentViewController.swift */,
			);
			path = Controllers;
			sourceTree = "<group>";
		};
		2A4D0EAF2AB89B7E00B13B1A /* Alamofire */ = {
			isa = PBXGroup;
			children = (
				2ACBD7B52AB46F9D0056AD2C /* GetNetworkData.swift */,
			);
			path = Alamofire;
			sourceTree = "<group>";
		};
		2A4D0EB02AB89B8D00B13B1A /* Realm */ = {
			isa = PBXGroup;
			children = (
				2A4D0EB62AB89CFF00B13B1A /* Maneger */,
				2A4D0EB52AB89CE100B13B1A /* Model */,
			);
			path = Realm;
			sourceTree = "<group>";
		};
		2A4D0EB52AB89CE100B13B1A /* Model */ = {
			isa = PBXGroup;
			children = (
				2A4D0EB12AB89BD900B13B1A /* ModelMovies.swift */,
				2A4D0EB32AB89C3C00B13B1A /* ModelTv.swift */,
				2ADD786D2ABB05EE00E81FF3 /* ModelRealmBookmarks.swift */,
			);
			path = Model;
			sourceTree = "<group>";
		};
		2A4D0EB62AB89CFF00B13B1A /* Maneger */ = {
			isa = PBXGroup;
			children = (
				2A4D0EB72AB89D3400B13B1A /* RealmManegerMovies.swift */,
				2A4D0EB92AB89D7400B13B1A /* RealmManegerTv.swift */,
				2ADD786F2ABB06C400E81FF3 /* RealmManegerBookmarks.swift */,
			);
			path = Maneger;
			sourceTree = "<group>";
		};
		2A697B742AAF5AC100519306 = {
			isa = PBXGroup;
			children = (
				2A697B7F2AAF5AC100519306 /* FinalProjectMovies */,
				2A697B7E2AAF5AC100519306 /* Products */,
			);
			sourceTree = "<group>";
		};
		2A697B7E2AAF5AC100519306 /* Products */ = {
			isa = PBXGroup;
			children = (
				2A697B7D2AAF5AC100519306 /* FinalProjectMovies.app */,
			);
			name = Products;
			sourceTree = "<group>";
		};
		2A697B7F2AAF5AC100519306 /* FinalProjectMovies */ = {
			isa = PBXGroup;
			children = (
				2ACBD7B42AB46F560056AD2C /* Network */,
				2A697B982AAF5B8B00519306 /* Modules */,
				2A697B972AAF5B7F00519306 /* Common */,
				2A697B942AAF5B6200519306 /* Extensions */,
				2A697B952AAF5B6D00519306 /* Resources */,
				2A697B862AAF5AC100519306 /* Main.storyboard */,
				2A697B8E2AAF5AC300519306 /* Info.plist */,
			);
			path = FinalProjectMovies;
			sourceTree = "<group>";
		};
		2A697B942AAF5B6200519306 /* Extensions */ = {
			isa = PBXGroup;
			children = (
				2AF0E3902AAF83D300FAFB70 /* ColorViewExtension.swift */,
				2A3794D62AB6E9B500856CF2 /* CollectionView.swift */,
			);
			path = Extensions;
			sourceTree = "<group>";
		};
		2A697B952AAF5B6D00519306 /* Resources */ = {
			isa = PBXGroup;
			children = (
				2A697B802AAF5AC100519306 /* AppDelegate.swift */,
				2A697B822AAF5AC100519306 /* SceneDelegate.swift */,
				2A697B892AAF5AC300519306 /* Assets.xcassets */,
				2A697B8B2AAF5AC300519306 /* LaunchScreen.storyboard */,
			);
			path = Resources;
			sourceTree = "<group>";
		};
		2A697B972AAF5B7F00519306 /* Common */ = {
			isa = PBXGroup;
			children = (
				2AF0E3A22AB0D3C200FAFB70 /* Constant.swift */,
			);
			path = Common;
			sourceTree = "<group>";
		};
		2A697B982AAF5B8B00519306 /* Modules */ = {
			isa = PBXGroup;
			children = (
				2A697B9C2AAF5DE000519306 /* MainTabBar */,
				2A697B9D2AAF658C00519306 /* HomeView */,
				2A697B9E2AAF65B900519306 /* MoviesView */,
				2A697B9F2AAF65CC00519306 /* TvView */,
				2A697BA12AAF660E00519306 /* BookmarksView */,
				2A3794CF2AB606DB00856CF2 /* ScreenPresentView */,
			);
			path = Modules;
			sourceTree = "<group>";
		};
		2A697B992AAF5BB500519306 /* Controllers */ = {
			isa = PBXGroup;
			children = (
				2AF0E3842AAF68D500FAFB70 /* MainTabBarController.swift */,
			);
			path = Controllers;
			sourceTree = "<group>";
		};
		2A697B9C2AAF5DE000519306 /* MainTabBar */ = {
			isa = PBXGroup;
			children = (
				2AFD0B8C2AC436CC00DAFCB4 /* Extensions */,
				2A697B992AAF5BB500519306 /* Controllers */,
			);
			path = MainTabBar;
			sourceTree = "<group>";
		};
		2A697B9D2AAF658C00519306 /* HomeView */ = {
			isa = PBXGroup;
			children = (
				2A697BA42AAF665F00519306 /* Model */,
				2A697BA32AAF665600519306 /* View */,
				2A697BA22AAF664900519306 /* Controllers */,
			);
			path = HomeView;
			sourceTree = "<group>";
		};
		2A697B9E2AAF65B900519306 /* MoviesView */ = {
			isa = PBXGroup;
			children = (
				2A697BA72AAF668800519306 /* Model */,
				2A697BA62AAF668300519306 /* View */,
				2A697BA52AAF667A00519306 /* Controllers */,
			);
			path = MoviesView;
			sourceTree = "<group>";
		};
		2A697B9F2AAF65CC00519306 /* TvView */ = {
			isa = PBXGroup;
			children = (
				2A697BAA2AAF66AB00519306 /* Model */,
				2A697BA92AAF66A700519306 /* View */,
				2A697BA82AAF669D00519306 /* Controllers */,
			);
			path = TvView;
			sourceTree = "<group>";
		};
		2A697BA12AAF660E00519306 /* BookmarksView */ = {
			isa = PBXGroup;
			children = (
				2A697BAF2AAF670700519306 /* View */,
				2A697BAE2AAF66FC00519306 /* Controllers */,
			);
			path = BookmarksView;
			sourceTree = "<group>";
		};
		2A697BA22AAF664900519306 /* Controllers */ = {
			isa = PBXGroup;
			children = (
				2ACBD7A42AB35A550056AD2C /* Extension */,
				2A697BB12AAF677100519306 /* HomeViewController.swift */,
			);
			path = Controllers;
			sourceTree = "<group>";
		};
		2A697BA32AAF665600519306 /* View */ = {
			isa = PBXGroup;
			children = (
				2ACBD79D2AB210E40056AD2C /* TopVideoCollectionViewCell.swift */,
				2ACBD79E2AB210E40056AD2C /* TopVideoCollectionViewCell.xib */,
			);
			path = View;
			sourceTree = "<group>";
		};
		2A697BA42AAF665F00519306 /* Model */ = {
			isa = PBXGroup;
			children = (
				2AF0E3A42AB0D5B700FAFB70 /* ModelMovies */,
				2ACBD7A82AB464010056AD2C /* ModelTv */,
			);
			path = Model;
			sourceTree = "<group>";
		};
		2A697BA52AAF667A00519306 /* Controllers */ = {
			isa = PBXGroup;
			children = (
				2AF0E37C2AAF680000FAFB70 /* MoviesViewController.swift */,
				2A3794D82AB6EB8500856CF2 /* ExtensionMovies.swift */,
			);
			path = Controllers;
			sourceTree = "<group>";
		};
		2A697BA62AAF668300519306 /* View */ = {
			isa = PBXGroup;
			children = (
				2A3794C82AB5E31300856CF2 /* MoviesCell */,
				2A3794C72AB5E30500856CF2 /* GenresCell */,
			);
			path = View;
			sourceTree = "<group>";
		};
		2A697BA72AAF668800519306 /* Model */ = {
			isa = PBXGroup;
			children = (
				2ACBD7B92AB4C8530056AD2C /* ModelGenres.swift */,
				2A3794CD2AB5F4D800856CF2 /* ModelAllMovies.swift */,
			);
			path = Model;
			sourceTree = "<group>";
		};
		2A697BA82AAF669D00519306 /* Controllers */ = {
			isa = PBXGroup;
			children = (
				2AF0E37E2AAF681A00FAFB70 /* TvViewController.swift */,
				2A2CE0A82AB84FE6000D6745 /* ExtensionTv.swift */,
			);
			path = Controllers;
			sourceTree = "<group>";
		};
		2A697BA92AAF66A700519306 /* View */ = {
			isa = PBXGroup;
			children = (
				2A2CE0A42AB84F45000D6745 /* AllTvCollectionViewCell.swift */,
				2A2CE0A52AB84F45000D6745 /* AllTvCollectionViewCell.xib */,
			);
			path = View;
			sourceTree = "<group>";
		};
		2A697BAA2AAF66AB00519306 /* Model */ = {
			isa = PBXGroup;
			children = (
				2A2CE0A22AB84B29000D6745 /* ModelTvWeek.swift */,
			);
			path = Model;
			sourceTree = "<group>";
		};
		2A697BAE2AAF66FC00519306 /* Controllers */ = {
			isa = PBXGroup;
			children = (
				2AF0E3822AAF684800FAFB70 /* BookmarksViewController.swift */,
				2A4D0EAD2AB8757200B13B1A /* ExtensionBookmarks.swift */,
			);
			path = Controllers;
			sourceTree = "<group>";
		};
		2A697BAF2AAF670700519306 /* View */ = {
			isa = PBXGroup;
			children = (
				2A4D0EA92AB870BF00B13B1A /* BookmarksTableViewCell.swift */,
				2A4D0EAA2AB870BF00B13B1A /* BookmarksTableViewCell.xib */,
			);
			path = View;
			sourceTree = "<group>";
		};
		2ACBD7A42AB35A550056AD2C /* Extension */ = {
			isa = PBXGroup;
			children = (
				2ACBD7A52AB35A6D0056AD2C /* Extension.swift */,
			);
			path = Extension;
			sourceTree = "<group>";
		};
		2ACBD7A82AB464010056AD2C /* ModelTv */ = {
			isa = PBXGroup;
			children = (
				2ACBD7B22AB46E6E0056AD2C /* ModelTopTv.swift */,
			);
			path = ModelTv;
			sourceTree = "<group>";
		};
		2ACBD7B42AB46F560056AD2C /* Network */ = {
			isa = PBXGroup;
			children = (
				2A4D0EB02AB89B8D00B13B1A /* Realm */,
				2A4D0EAF2AB89B7E00B13B1A /* Alamofire */,
			);
			path = Network;
			sourceTree = "<group>";
		};
		2AF0E3A42AB0D5B700FAFB70 /* ModelMovies */ = {
			isa = PBXGroup;
			children = (
				2AF0E3A52AB0D5D400FAFB70 /* ModelTopMovies.swift */,
			);
			name = ModelMovies;
			path = ModelData/ModelMovies;
			sourceTree = "<group>";
		};
		2AFD0B8C2AC436CC00DAFCB4 /* Extensions */ = {
			isa = PBXGroup;
			children = (
				2AF0E38E2AAF7E3100FAFB70 /* UIColorExtension.swift */,
			);
			path = Extensions;
			sourceTree = "<group>";
		};
/* End PBXGroup section */

/* Begin PBXNativeTarget section */
		2A697B7C2AAF5AC100519306 /* FinalProjectMovies */ = {
			isa = PBXNativeTarget;
			buildConfigurationList = 2A697B912AAF5AC300519306 /* Build configuration list for PBXNativeTarget "FinalProjectMovies" */;
			buildPhases = (
				2A697B792AAF5AC100519306 /* Sources */,
				2A697B7A2AAF5AC100519306 /* Frameworks */,
				2A697B7B2AAF5AC100519306 /* Resources */,
			);
			buildRules = (
			);
			dependencies = (
			);
			name = FinalProjectMovies;
			packageProductDependencies = (
				2AF0E3992AB0AEDC00FAFB70 /* Alamofire */,
				2AF0E39C2AB0B03E00FAFB70 /* RealmSwift */,
				2AF0E3A82AB0D6EC00FAFB70 /* YouTubeiOSPlayerHelper */,
				2ACBD7A22AB244C20056AD2C /* Kingfisher */,
			);
			productName = FinalProjectMovies;
			productReference = 2A697B7D2AAF5AC100519306 /* FinalProjectMovies.app */;
			productType = "com.apple.product-type.application";
		};
/* End PBXNativeTarget section */

/* Begin PBXProject section */
		2A697B752AAF5AC100519306 /* Project object */ = {
			isa = PBXProject;
			attributes = {
				BuildIndependentTargetsInParallel = 1;
				LastSwiftUpdateCheck = 1420;
				LastUpgradeCheck = 1420;
				TargetAttributes = {
					2A697B7C2AAF5AC100519306 = {
						CreatedOnToolsVersion = 14.2;
					};
				};
			};
			buildConfigurationList = 2A697B782AAF5AC100519306 /* Build configuration list for PBXProject "FinalProjectMovies" */;
			compatibilityVersion = "Xcode 14.0";
			developmentRegion = en;
			hasScannedForEncodings = 0;
			knownRegions = (
				en,
				Base,
			);
			mainGroup = 2A697B742AAF5AC100519306;
			packageReferences = (
				2AF0E3982AB0AEDC00FAFB70 /* XCRemoteSwiftPackageReference "Alamofire" */,
				2AF0E39B2AB0B03E00FAFB70 /* XCRemoteSwiftPackageReference "realm-swift" */,
				2AF0E3A72AB0D6EC00FAFB70 /* XCRemoteSwiftPackageReference "youtube-ios-player-helper" */,
				2ACBD7A12AB244C20056AD2C /* XCRemoteSwiftPackageReference "Kingfisher" */,
			);
			productRefGroup = 2A697B7E2AAF5AC100519306 /* Products */;
			projectDirPath = "";
			projectRoot = "";
			targets = (
				2A697B7C2AAF5AC100519306 /* FinalProjectMovies */,
			);
		};
/* End PBXProject section */

/* Begin PBXResourcesBuildPhase section */
		2A697B7B2AAF5AC100519306 /* Resources */ = {
			isa = PBXResourcesBuildPhase;
			buildActionMask = 2147483647;
			files = (
				2ACBD7A02AB210E40056AD2C /* TopVideoCollectionViewCell.xib in Resources */,
				2A3794C62AB5DF5600856CF2 /* GenresCollectionViewCell.xib in Resources */,
				2A697B8D2AAF5AC300519306 /* LaunchScreen.storyboard in Resources */,
				2A697B8A2AAF5AC300519306 /* Assets.xcassets in Resources */,
				2A2CE0A72AB84F45000D6745 /* AllTvCollectionViewCell.xib in Resources */,
				2A697B882AAF5AC100519306 /* Main.storyboard in Resources */,
				2A3794CC2AB5E34D00856CF2 /* AllMoviesCollectionViewCell.xib in Resources */,
				2A4D0EAC2AB870BF00B13B1A /* BookmarksTableViewCell.xib in Resources */,
			);
			runOnlyForDeploymentPostprocessing = 0;
		};
/* End PBXResourcesBuildPhase section */

/* Begin PBXSourcesBuildPhase section */
		2A697B792AAF5AC100519306 /* Sources */ = {
			isa = PBXSourcesBuildPhase;
			buildActionMask = 2147483647;
			files = (
				2AF0E3832AAF684800FAFB70 /* BookmarksViewController.swift in Sources */,
				2AF0E3852AAF68D500FAFB70 /* MainTabBarController.swift in Sources */,
				2A3794D12AB6076000856CF2 /* ScreenPresentViewController.swift in Sources */,
				2A4D0EB42AB89C3C00B13B1A /* ModelTv.swift in Sources */,
				2ACBD7BA2AB4C8530056AD2C /* ModelGenres.swift in Sources */,
				2A3794D72AB6E9B500856CF2 /* CollectionView.swift in Sources */,
				2A3794CE2AB5F4D800856CF2 /* ModelAllMovies.swift in Sources */,
				2AF0E37D2AAF680000FAFB70 /* MoviesViewController.swift in Sources */,
				2AF0E37F2AAF681A00FAFB70 /* TvViewController.swift in Sources */,
				2A4D0EB82AB89D3400B13B1A /* RealmManegerMovies.swift in Sources */,
				2A697B812AAF5AC100519306 /* AppDelegate.swift in Sources */,
				2ACBD79F2AB210E40056AD2C /* TopVideoCollectionViewCell.swift in Sources */,
				2AF0E3A32AB0D3C200FAFB70 /* Constant.swift in Sources */,
				2A3794CB2AB5E34D00856CF2 /* AllMoviesCollectionViewCell.swift in Sources */,
				2AF0E3A62AB0D5D400FAFB70 /* ModelTopMovies.swift in Sources */,
				2A3794D92AB6EB8500856CF2 /* ExtensionMovies.swift in Sources */,
				2A3794C02AB5983400856CF2 /* GenresCollectionViewCell.swift in Sources */,
				2ACBD7B32AB46E6E0056AD2C /* ModelTopTv.swift in Sources */,
				2ADD78702ABB06C400E81FF3 /* RealmManegerBookmarks.swift in Sources */,
				2A2CE0A32AB84B29000D6745 /* ModelTvWeek.swift in Sources */,
				2ADD786E2ABB05EE00E81FF3 /* ModelRealmBookmarks.swift in Sources */,
				2A4D0EBC2AB97E4500B13B1A /* ModelVideoMovie.swift in Sources */,
				2A2CE0A92AB84FE6000D6745 /* ExtensionTv.swift in Sources */,
				2ADD786C2ABAD19D00E81FF3 /* ModelVideoTv.swift in Sources */,
				2A697B832AAF5AC100519306 /* SceneDelegate.swift in Sources */,
				2A4D0EBA2AB89D7400B13B1A /* RealmManegerTv.swift in Sources */,
				2A2CE0A62AB84F45000D6745 /* AllTvCollectionViewCell.swift in Sources */,
				2ACBD7A62AB35A6D0056AD2C /* Extension.swift in Sources */,
				2AF0E38F2AAF7E3100FAFB70 /* UIColorExtension.swift in Sources */,
				2ACBD7B62AB46F9D0056AD2C /* GetNetworkData.swift in Sources */,
				2AF0E3912AAF83D300FAFB70 /* ColorViewExtension.swift in Sources */,
				2A4D0EB22AB89BD900B13B1A /* ModelMovies.swift in Sources */,
				2A697BB22AAF677100519306 /* HomeViewController.swift in Sources */,
				2A4D0EAE2AB8757200B13B1A /* ExtensionBookmarks.swift in Sources */,
				2A4D0EAB2AB870BF00B13B1A /* BookmarksTableViewCell.swift in Sources */,
			);
			runOnlyForDeploymentPostprocessing = 0;
		};
/* End PBXSourcesBuildPhase section */

/* Begin PBXVariantGroup section */
		2A697B862AAF5AC100519306 /* Main.storyboard */ = {
			isa = PBXVariantGroup;
			children = (
				2A697B872AAF5AC100519306 /* Base */,
			);
			name = Main.storyboard;
			sourceTree = "<group>";
		};
		2A697B8B2AAF5AC300519306 /* LaunchScreen.storyboard */ = {
			isa = PBXVariantGroup;
			children = (
				2A697B8C2AAF5AC300519306 /* Base */,
			);
			name = LaunchScreen.storyboard;
			sourceTree = "<group>";
		};
/* End PBXVariantGroup section */

/* Begin XCBuildConfiguration section */
		2A697B8F2AAF5AC300519306 /* Debug */ = {
			isa = XCBuildConfiguration;
			buildSettings = {
				ALWAYS_SEARCH_USER_PATHS = NO;
				CLANG_ANALYZER_NONNULL = YES;
				CLANG_ANALYZER_NUMBER_OBJECT_CONVERSION = YES_AGGRESSIVE;
				CLANG_CXX_LANGUAGE_STANDARD = "gnu++20";
				CLANG_ENABLE_MODULES = YES;
				CLANG_ENABLE_OBJC_ARC = YES;
				CLANG_ENABLE_OBJC_WEAK = YES;
				CLANG_WARN_BLOCK_CAPTURE_AUTORELEASING = YES;
				CLANG_WARN_BOOL_CONVERSION = YES;
				CLANG_WARN_COMMA = YES;
				CLANG_WARN_CONSTANT_CONVERSION = YES;
				CLANG_WARN_DEPRECATED_OBJC_IMPLEMENTATIONS = YES;
				CLANG_WARN_DIRECT_OBJC_ISA_USAGE = YES_ERROR;
				CLANG_WARN_DOCUMENTATION_COMMENTS = YES;
				CLANG_WARN_EMPTY_BODY = YES;
				CLANG_WARN_ENUM_CONVERSION = YES;
				CLANG_WARN_INFINITE_RECURSION = YES;
				CLANG_WARN_INT_CONVERSION = YES;
				CLANG_WARN_NON_LITERAL_NULL_CONVERSION = YES;
				CLANG_WARN_OBJC_IMPLICIT_RETAIN_SELF = YES;
				CLANG_WARN_OBJC_LITERAL_CONVERSION = YES;
				CLANG_WARN_OBJC_ROOT_CLASS = YES_ERROR;
				CLANG_WARN_QUOTED_INCLUDE_IN_FRAMEWORK_HEADER = YES;
				CLANG_WARN_RANGE_LOOP_ANALYSIS = YES;
				CLANG_WARN_STRICT_PROTOTYPES = YES;
				CLANG_WARN_SUSPICIOUS_MOVE = YES;
				CLANG_WARN_UNGUARDED_AVAILABILITY = YES_AGGRESSIVE;
				CLANG_WARN_UNREACHABLE_CODE = YES;
				CLANG_WARN__DUPLICATE_METHOD_MATCH = YES;
				COPY_PHASE_STRIP = NO;
				DEBUG_INFORMATION_FORMAT = dwarf;
				ENABLE_STRICT_OBJC_MSGSEND = YES;
				ENABLE_TESTABILITY = YES;
				GCC_C_LANGUAGE_STANDARD = gnu11;
				GCC_DYNAMIC_NO_PIC = NO;
				GCC_NO_COMMON_BLOCKS = YES;
				GCC_OPTIMIZATION_LEVEL = 0;
				GCC_PREPROCESSOR_DEFINITIONS = (
					"DEBUG=1",
					"$(inherited)",
				);
				GCC_WARN_64_TO_32_BIT_CONVERSION = YES;
				GCC_WARN_ABOUT_RETURN_TYPE = YES_ERROR;
				GCC_WARN_UNDECLARED_SELECTOR = YES;
				GCC_WARN_UNINITIALIZED_AUTOS = YES_AGGRESSIVE;
				GCC_WARN_UNUSED_FUNCTION = YES;
				GCC_WARN_UNUSED_VARIABLE = YES;
				IPHONEOS_DEPLOYMENT_TARGET = 16.2;
				MTL_ENABLE_DEBUG_INFO = INCLUDE_SOURCE;
				MTL_FAST_MATH = YES;
				ONLY_ACTIVE_ARCH = YES;
				SDKROOT = iphoneos;
				SWIFT_ACTIVE_COMPILATION_CONDITIONS = DEBUG;
				SWIFT_OPTIMIZATION_LEVEL = "-Onone";
			};
			name = Debug;
		};
		2A697B902AAF5AC300519306 /* Release */ = {
			isa = XCBuildConfiguration;
			buildSettings = {
				ALWAYS_SEARCH_USER_PATHS = NO;
				CLANG_ANALYZER_NONNULL = YES;
				CLANG_ANALYZER_NUMBER_OBJECT_CONVERSION = YES_AGGRESSIVE;
				CLANG_CXX_LANGUAGE_STANDARD = "gnu++20";
				CLANG_ENABLE_MODULES = YES;
				CLANG_ENABLE_OBJC_ARC = YES;
				CLANG_ENABLE_OBJC_WEAK = YES;
				CLANG_WARN_BLOCK_CAPTURE_AUTORELEASING = YES;
				CLANG_WARN_BOOL_CONVERSION = YES;
				CLANG_WARN_COMMA = YES;
				CLANG_WARN_CONSTANT_CONVERSION = YES;
				CLANG_WARN_DEPRECATED_OBJC_IMPLEMENTATIONS = YES;
				CLANG_WARN_DIRECT_OBJC_ISA_USAGE = YES_ERROR;
				CLANG_WARN_DOCUMENTATION_COMMENTS = YES;
				CLANG_WARN_EMPTY_BODY = YES;
				CLANG_WARN_ENUM_CONVERSION = YES;
				CLANG_WARN_INFINITE_RECURSION = YES;
				CLANG_WARN_INT_CONVERSION = YES;
				CLANG_WARN_NON_LITERAL_NULL_CONVERSION = YES;
				CLANG_WARN_OBJC_IMPLICIT_RETAIN_SELF = YES;
				CLANG_WARN_OBJC_LITERAL_CONVERSION = YES;
				CLANG_WARN_OBJC_ROOT_CLASS = YES_ERROR;
				CLANG_WARN_QUOTED_INCLUDE_IN_FRAMEWORK_HEADER = YES;
				CLANG_WARN_RANGE_LOOP_ANALYSIS = YES;
				CLANG_WARN_STRICT_PROTOTYPES = YES;
				CLANG_WARN_SUSPICIOUS_MOVE = YES;
				CLANG_WARN_UNGUARDED_AVAILABILITY = YES_AGGRESSIVE;
				CLANG_WARN_UNREACHABLE_CODE = YES;
				CLANG_WARN__DUPLICATE_METHOD_MATCH = YES;
				COPY_PHASE_STRIP = NO;
				DEBUG_INFORMATION_FORMAT = "dwarf-with-dsym";
				ENABLE_NS_ASSERTIONS = NO;
				ENABLE_STRICT_OBJC_MSGSEND = YES;
				GCC_C_LANGUAGE_STANDARD = gnu11;
				GCC_NO_COMMON_BLOCKS = YES;
				GCC_WARN_64_TO_32_BIT_CONVERSION = YES;
				GCC_WARN_ABOUT_RETURN_TYPE = YES_ERROR;
				GCC_WARN_UNDECLARED_SELECTOR = YES;
				GCC_WARN_UNINITIALIZED_AUTOS = YES_AGGRESSIVE;
				GCC_WARN_UNUSED_FUNCTION = YES;
				GCC_WARN_UNUSED_VARIABLE = YES;
				IPHONEOS_DEPLOYMENT_TARGET = 16.2;
				MTL_ENABLE_DEBUG_INFO = NO;
				MTL_FAST_MATH = YES;
				SDKROOT = iphoneos;
				SWIFT_COMPILATION_MODE = wholemodule;
				SWIFT_OPTIMIZATION_LEVEL = "-O";
				VALIDATE_PRODUCT = YES;
			};
			name = Release;
		};
		2A697B922AAF5AC300519306 /* Debug */ = {
			isa = XCBuildConfiguration;
			buildSettings = {
				ASSETCATALOG_COMPILER_APPICON_NAME = AppIcon;
				ASSETCATALOG_COMPILER_GLOBAL_ACCENT_COLOR_NAME = AccentColor;
				CODE_SIGN_STYLE = Automatic;
				CURRENT_PROJECT_VERSION = 1;
				DEVELOPMENT_TEAM = TM2F3633GC;
				GENERATE_INFOPLIST_FILE = YES;
				INFOPLIST_FILE = FinalProjectMovies/Info.plist;
				INFOPLIST_KEY_UIApplicationSupportsIndirectInputEvents = YES;
				INFOPLIST_KEY_UILaunchStoryboardName = LaunchScreen;
				INFOPLIST_KEY_UIMainStoryboardFile = Main;
				INFOPLIST_KEY_UISupportedInterfaceOrientations = "UIInterfaceOrientationLandscapeLeft UIInterfaceOrientationLandscapeRight UIInterfaceOrientationPortrait";
				INFOPLIST_KEY_UISupportedInterfaceOrientations_iPad = "UIInterfaceOrientationLandscapeLeft UIInterfaceOrientationLandscapeRight UIInterfaceOrientationPortrait UIInterfaceOrientationPortraitUpsideDown";
				IPHONEOS_DEPLOYMENT_TARGET = 16.0;
				LD_RUNPATH_SEARCH_PATHS = (
					"$(inherited)",
					"@executable_path/Frameworks",
				);
				MARKETING_VERSION = 1.0;
				PRODUCT_BUNDLE_IDENTIFIER = code.TestProject.FinalProjectMovies;
				PRODUCT_NAME = "$(TARGET_NAME)";
				SWIFT_EMIT_LOC_STRINGS = YES;
				SWIFT_VERSION = 5.0;
				TARGETED_DEVICE_FAMILY = "1,2";
			};
			name = Debug;
		};
		2A697B932AAF5AC300519306 /* Release */ = {
			isa = XCBuildConfiguration;
			buildSettings = {
				ASSETCATALOG_COMPILER_APPICON_NAME = AppIcon;
				ASSETCATALOG_COMPILER_GLOBAL_ACCENT_COLOR_NAME = AccentColor;
				CODE_SIGN_STYLE = Automatic;
				CURRENT_PROJECT_VERSION = 1;
				DEVELOPMENT_TEAM = TM2F3633GC;
				GENERATE_INFOPLIST_FILE = YES;
				INFOPLIST_FILE = FinalProjectMovies/Info.plist;
				INFOPLIST_KEY_UIApplicationSupportsIndirectInputEvents = YES;
				INFOPLIST_KEY_UILaunchStoryboardName = LaunchScreen;
				INFOPLIST_KEY_UIMainStoryboardFile = Main;
				INFOPLIST_KEY_UISupportedInterfaceOrientations = "UIInterfaceOrientationLandscapeLeft UIInterfaceOrientationLandscapeRight UIInterfaceOrientationPortrait";
				INFOPLIST_KEY_UISupportedInterfaceOrientations_iPad = "UIInterfaceOrientationLandscapeLeft UIInterfaceOrientationLandscapeRight UIInterfaceOrientationPortrait UIInterfaceOrientationPortraitUpsideDown";
				IPHONEOS_DEPLOYMENT_TARGET = 16.0;
				LD_RUNPATH_SEARCH_PATHS = (
					"$(inherited)",
					"@executable_path/Frameworks",
				);
				MARKETING_VERSION = 1.0;
				PRODUCT_BUNDLE_IDENTIFIER = code.TestProject.FinalProjectMovies;
				PRODUCT_NAME = "$(TARGET_NAME)";
				SWIFT_EMIT_LOC_STRINGS = YES;
				SWIFT_VERSION = 5.0;
				TARGETED_DEVICE_FAMILY = "1,2";
			};
			name = Release;
		};
/* End XCBuildConfiguration section */

/* Begin XCConfigurationList section */
		2A697B782AAF5AC100519306 /* Build configuration list for PBXProject "FinalProjectMovies" */ = {
			isa = XCConfigurationList;
			buildConfigurations = (
				2A697B8F2AAF5AC300519306 /* Debug */,
				2A697B902AAF5AC300519306 /* Release */,
			);
			defaultConfigurationIsVisible = 0;
			defaultConfigurationName = Release;
		};
		2A697B912AAF5AC300519306 /* Build configuration list for PBXNativeTarget "FinalProjectMovies" */ = {
			isa = XCConfigurationList;
			buildConfigurations = (
				2A697B922AAF5AC300519306 /* Debug */,
				2A697B932AAF5AC300519306 /* Release */,
			);
			defaultConfigurationIsVisible = 0;
			defaultConfigurationName = Release;
		};
/* End XCConfigurationList section */

/* Begin XCRemoteSwiftPackageReference section */
		2ACBD7A12AB244C20056AD2C /* XCRemoteSwiftPackageReference "Kingfisher" */ = {
			isa = XCRemoteSwiftPackageReference;
			repositoryURL = "https://github.com/onevcat/Kingfisher.git";
			requirement = {
				kind = upToNextMajorVersion;
				minimumVersion = 7.0.0;
			};
		};
		2AF0E3982AB0AEDC00FAFB70 /* XCRemoteSwiftPackageReference "Alamofire" */ = {
			isa = XCRemoteSwiftPackageReference;
			repositoryURL = "https://github.com/Alamofire/Alamofire.git";
			requirement = {
				kind = upToNextMajorVersion;
				minimumVersion = 5.0.0;
			};
		};
		2AF0E39B2AB0B03E00FAFB70 /* XCRemoteSwiftPackageReference "realm-swift" */ = {
			isa = XCRemoteSwiftPackageReference;
			repositoryURL = "https://github.com/realm/realm-swift.git";
			requirement = {
				branch = master;
				kind = branch;
			};
		};
		2AF0E3A72AB0D6EC00FAFB70 /* XCRemoteSwiftPackageReference "youtube-ios-player-helper" */ = {
			isa = XCRemoteSwiftPackageReference;
			repositoryURL = "https://github.com/youtube/youtube-ios-player-helper.git";
			requirement = {
				kind = upToNextMajorVersion;
				minimumVersion = 1.0.0;
			};
		};
/* End XCRemoteSwiftPackageReference section */

/* Begin XCSwiftPackageProductDependency section */
		2ACBD7A22AB244C20056AD2C /* Kingfisher */ = {
			isa = XCSwiftPackageProductDependency;
			package = 2ACBD7A12AB244C20056AD2C /* XCRemoteSwiftPackageReference "Kingfisher" */;
			productName = Kingfisher;
		};
		2AF0E3992AB0AEDC00FAFB70 /* Alamofire */ = {
			isa = XCSwiftPackageProductDependency;
			package = 2AF0E3982AB0AEDC00FAFB70 /* XCRemoteSwiftPackageReference "Alamofire" */;
			productName = Alamofire;
		};
		2AF0E39C2AB0B03E00FAFB70 /* RealmSwift */ = {
			isa = XCSwiftPackageProductDependency;
			package = 2AF0E39B2AB0B03E00FAFB70 /* XCRemoteSwiftPackageReference "realm-swift" */;
			productName = RealmSwift;
		};
		2AF0E3A82AB0D6EC00FAFB70 /* YouTubeiOSPlayerHelper */ = {
			isa = XCSwiftPackageProductDependency;
			package = 2AF0E3A72AB0D6EC00FAFB70 /* XCRemoteSwiftPackageReference "youtube-ios-player-helper" */;
			productName = YouTubeiOSPlayerHelper;
		};
/* End XCSwiftPackageProductDependency section */
	};
	rootObject = 2A697B752AAF5AC100519306 /* Project object */;
}
